
Microsoft Visual Studio Solution File, Format Version 12.00
# Visual Studio Version 16
VisualStudioVersion = 16.0.31025.194
MinimumVisualStudioVersion = 10.0.40219.1
Project("{FAE04EC0-301F-11D3-BF4B-00C04F79EFBC}") = "LojaInfo", "LojaInfo\LojaInfo.csproj", "{2CCEB29E-0090-4A64-BE00-E6B213B90C33}"
EndProject
Global
	GlobalSection(SolutionConfigurationPlatforms) = preSolution
		Debug|Any CPU = Debug|Any CPU
		Release|Any CPU = Release|Any CPU
	EndGlobalSection
	GlobalSection(ProjectConfigurationPlatforms) = postSolution
		{2CCEB29E-0090-4A64-BE00-E6B213B90C33}.Debug|Any CPU.ActiveCfg = Debug|Any CPU
		{2CCEB29E-0090-4A64-BE00-E6B213B90C33}.Debug|Any CPU.Build.0 = Debug|Any CPU
		{2CCEB29E-0090-4A64-BE00-E6B213B90C33}.Release|Any CPU.ActiveCfg = Release|Any CPU
		{2CCEB29E-0090-4A64-BE00-E6B213B90C33}.Release|Any CPU.Build.0 = Release|Any CPU
	EndGlobalSection
	GlobalSection(SolutionProperties) = preSolution
		HideSolutionNode = FALSE
	EndGlobalSection
	GlobalSection(ExtensibilityGlobals) = postSolution
		SolutionGuid = {2E462AFD-990A-4457-B6B1-3E016E80465B}
	EndGlobalSection
EndGlobal
